{
  "name": "alx-higher_level_programming",
  "lockfileVersion": 2,
  "requires": true,
  "packages": {
    "": {
      "dependencies": {
        "pycode": "^0.0.2"
      }
    },
    "node_modules/pycode": {
      "version": "0.0.2",
      "resolved": "https://registry.npmjs.org/pycode/-/pycode-0.0.2.tgz",
      "integrity": "sha512-2ux+B/PVI9xjjrQvUKRMCC+/6vpw7mb76FTjJHrDhJgOqdj2yfPkJEPVUVF2rqYjdWaspV+2p8HZZxBodhSp4Q=="
    }
  },
  "dependencies": {
    "pycode": {
      "version": "0.0.2",
      "resolved": "https://registry.npmjs.org/pycode/-/pycode-0.0.2.tgz",
      "integrity": "sha512-2ux+B/PVI9xjjrQvUKRMCC+/6vpw7mb76FTjJHrDhJgOqdj2yfPkJEPVUVF2rqYjdWaspV+2p8HZZxBodhSp4Q=="
    }
  }
}
